
Microsoft Visual Studio Solution File, Format Version 12.00
# Visual Studio Version 16
VisualStudioVersion = 16.0.28803.452
MinimumVisualStudioVersion = 10.0.40219.1
Project("{FAE04EC0-301F-11D3-BF4B-00C04F79EFBC}") = "XamarinFormsMonoGame.Android", "XamarinFormsMonoGame.Android\XamarinFormsMonoGame.Android.csproj", "{12013053-C6D0-4BB8-B70F-E1C91223C5D1}"
EndProject
Project("{FAE04EC0-301F-11D3-BF4B-00C04F79EFBC}") = "XamarinFormsMonoGame.iOS", "XamarinFormsMonoGame.iOS\XamarinFormsMonoGame.iOS.csproj", "{F99E90C6-2656-41B1-AC69-E78A7B411278}"
EndProject
Project("{9A19103F-16F7-4668-BE54-9A1E7A4F7556}") = "XamarinFormsMonoGame", "XamarinFormsMonoGame\XamarinFormsMonoGame.csproj", "{0EC66027-278B-42AD-9783-B9E6CC7115B2}"
EndProject
Project("{D954291E-2A0B-460D-934E-DC6B0785DB48}") = "XamarinFormsMonoGame.SharedProject", "XamarinFormsMonoGame.SharedProject\XamarinFormsMonoGame.SharedProject.shproj", "{A8124B0F-CDB9-4591-84A4-C29A66168A50}"
EndProject
Global
	GlobalSection(SharedMSBuildProjectFiles) = preSolution
		XamarinFormsMonoGame.SharedProject\XamarinFormsMonoGame.SharedProject.projitems*{12013053-c6d0-4bb8-b70f-e1c91223c5d1}*SharedItemsImports = 4
		XamarinFormsMonoGame.SharedProject\XamarinFormsMonoGame.SharedProject.projitems*{a8124b0f-cdb9-4591-84a4-c29a66168a50}*SharedItemsImports = 13
	EndGlobalSection
	GlobalSection(SolutionConfigurationPlatforms) = preSolution
		Debug|Any CPU = Debug|Any CPU
		Debug|iPhone = Debug|iPhone
		Debug|iPhoneSimulator = Debug|iPhoneSimulator
		Release|Any CPU = Release|Any CPU
		Release|iPhone = Release|iPhone
		Release|iPhoneSimulator = Release|iPhoneSimulator
	EndGlobalSection
	GlobalSection(ProjectConfigurationPlatforms) = postSolution
		{12013053-C6D0-4BB8-B70F-E1C91223C5D1}.Debug|Any CPU.ActiveCfg = Debug|Any CPU
		{12013053-C6D0-4BB8-B70F-E1C91223C5D1}.Debug|Any CPU.Build.0 = Debug|Any CPU
		{12013053-C6D0-4BB8-B70F-E1C91223C5D1}.Debug|Any CPU.Deploy.0 = Debug|Any CPU
		{12013053-C6D0-4BB8-B70F-E1C91223C5D1}.Debug|iPhone.ActiveCfg = Debug|Any CPU
		{12013053-C6D0-4BB8-B70F-E1C91223C5D1}.Debug|iPhone.Build.0 = Debug|Any CPU
		{12013053-C6D0-4BB8-B70F-E1C91223C5D1}.Debug|iPhone.Deploy.0 = Debug|Any CPU
		{12013053-C6D0-4BB8-B70F-E1C91223C5D1}.Debug|iPhoneSimulator.ActiveCfg = Debug|Any CPU
		{12013053-C6D0-4BB8-B70F-E1C91223C5D1}.Debug|iPhoneSimulator.Build.0 = Debug|Any CPU
		{12013053-C6D0-4BB8-B70F-E1C91223C5D1}.Debug|iPhoneSimulator.Deploy.0 = Debug|Any CPU
		{12013053-C6D0-4BB8-B70F-E1C91223C5D1}.Release|Any CPU.ActiveCfg = Release|Any CPU
		{12013053-C6D0-4BB8-B70F-E1C91223C5D1}.Release|Any CPU.Build.0 = Release|Any CPU
		{12013053-C6D0-4BB8-B70F-E1C91223C5D1}.Release|Any CPU.Deploy.0 = Release|Any CPU
		{12013053-C6D0-4BB8-B70F-E1C91223C5D1}.Release|iPhone.ActiveCfg = Release|Any CPU
		{12013053-C6D0-4BB8-B70F-E1C91223C5D1}.Release|iPhone.Build.0 = Release|Any CPU
		{12013053-C6D0-4BB8-B70F-E1C91223C5D1}.Release|iPhone.Deploy.0 = Release|Any CPU
		{12013053-C6D0-4BB8-B70F-E1C91223C5D1}.Release|iPhoneSimulator.ActiveCfg = Release|Any CPU
		{12013053-C6D0-4BB8-B70F-E1C91223C5D1}.Release|iPhoneSimulator.Build.0 = Release|Any CPU
		{12013053-C6D0-4BB8-B70F-E1C91223C5D1}.Release|iPhoneSimulator.Deploy.0 = Release|Any CPU
		{F99E90C6-2656-41B1-AC69-E78A7B411278}.Debug|Any CPU.ActiveCfg = Debug|iPhoneSimulator
		{F99E90C6-2656-41B1-AC69-E78A7B411278}.Debug|Any CPU.Build.0 = Debug|iPhoneSimulator
		{F99E90C6-2656-41B1-AC69-E78A7B411278}.Debug|Any CPU.Deploy.0 = Debug|iPhoneSimulator
		{F99E90C6-2656-41B1-AC69-E78A7B411278}.Debug|iPhone.ActiveCfg = Debug|iPhone
		{F99E90C6-2656-41B1-AC69-E78A7B411278}.Debug|iPhone.Build.0 = Debug|iPhone
		{F99E90C6-2656-41B1-AC69-E78A7B411278}.Debug|iPhone.Deploy.0 = Debug|iPhone
		{F99E90C6-2656-41B1-AC69-E78A7B411278}.Debug|iPhoneSimulator.ActiveCfg = Debug|iPhoneSimulator
		{F99E90C6-2656-41B1-AC69-E78A7B411278}.Debug|iPhoneSimulator.Build.0 = Debug|iPhoneSimulator
		{F99E90C6-2656-41B1-AC69-E78A7B411278}.Debug|iPhoneSimulator.Deploy.0 = Debug|iPhoneSimulator
		{F99E90C6-2656-41B1-AC69-E78A7B411278}.Release|Any CPU.ActiveCfg = Release|iPhone
		{F99E90C6-2656-41B1-AC69-E78A7B411278}.Release|Any CPU.Build.0 = Release|iPhone
		{F99E90C6-2656-41B1-AC69-E78A7B411278}.Release|Any CPU.Deploy.0 = Release|iPhone
		{F99E90C6-2656-41B1-AC69-E78A7B411278}.Release|iPhone.ActiveCfg = Release|iPhone
		{F99E90C6-2656-41B1-AC69-E78A7B411278}.Release|iPhone.Build.0 = Release|iPhone
		{F99E90C6-2656-41B1-AC69-E78A7B411278}.Release|iPhone.Deploy.0 = Release|iPhone
		{F99E90C6-2656-41B1-AC69-E78A7B411278}.Release|iPhoneSimulator.ActiveCfg = Release|iPhoneSimulator
		{F99E90C6-2656-41B1-AC69-E78A7B411278}.Release|iPhoneSimulator.Build.0 = Release|iPhoneSimulator
		{F99E90C6-2656-41B1-AC69-E78A7B411278}.Release|iPhoneSimulator.Deploy.0 = Release|iPhoneSimulator
		{0EC66027-278B-42AD-9783-B9E6CC7115B2}.Debug|Any CPU.ActiveCfg = Debug|Any CPU
		{0EC66027-278B-42AD-9783-B9E6CC7115B2}.Debug|Any CPU.Build.0 = Debug|Any CPU
		{0EC66027-278B-42AD-9783-B9E6CC7115B2}.Debug|Any CPU.Deploy.0 = Debug|Any CPU
		{0EC66027-278B-42AD-9783-B9E6CC7115B2}.Debug|iPhone.ActiveCfg = Debug|Any CPU
		{0EC66027-278B-42AD-9783-B9E6CC7115B2}.Debug|iPhone.Build.0 = Debug|Any CPU
		{0EC66027-278B-42AD-9783-B9E6CC7115B2}.Debug|iPhone.Deploy.0 = Debug|Any CPU
		{0EC66027-278B-42AD-9783-B9E6CC7115B2}.Debug|iPhoneSimulator.ActiveCfg = Debug|Any CPU
		{0EC66027-278B-42AD-9783-B9E6CC7115B2}.Debug|iPhoneSimulator.Build.0 = Debug|Any CPU
		{0EC66027-278B-42AD-9783-B9E6CC7115B2}.Debug|iPhoneSimulator.Deploy.0 = Debug|Any CPU
		{0EC66027-278B-42AD-9783-B9E6CC7115B2}.Release|Any CPU.ActiveCfg = Release|Any CPU
		{0EC66027-278B-42AD-9783-B9E6CC7115B2}.Release|Any CPU.Build.0 = Release|Any CPU
		{0EC66027-278B-42AD-9783-B9E6CC7115B2}.Release|Any CPU.Deploy.0 = Release|Any CPU
		{0EC66027-278B-42AD-9783-B9E6CC7115B2}.Release|iPhone.ActiveCfg = Release|Any CPU
		{0EC66027-278B-42AD-9783-B9E6CC7115B2}.Release|iPhone.Build.0 = Release|Any CPU
		{0EC66027-278B-42AD-9783-B9E6CC7115B2}.Release|iPhone.Deploy.0 = Release|Any CPU
		{0EC66027-278B-42AD-9783-B9E6CC7115B2}.Release|iPhoneSimulator.ActiveCfg = Release|Any CPU
		{0EC66027-278B-42AD-9783-B9E6CC7115B2}.Release|iPhoneSimulator.Build.0 = Release|Any CPU
		{0EC66027-278B-42AD-9783-B9E6CC7115B2}.Release|iPhoneSimulator.Deploy.0 = Release|Any CPU
	EndGlobalSection
	GlobalSection(SolutionProperties) = preSolution
		HideSolutionNode = FALSE
	EndGlobalSection
	GlobalSection(ExtensibilityGlobals) = postSolution
		SolutionGuid = {04B5736D-EA5E-43B7-9373-175AA02AE836}
	EndGlobalSection
EndGlobal
